// !$*UTF8*$!
{
	archiveVersion = 1;
	classes = {
	};
	objectVersion = 55;
	objects = {

/* Begin PBXBuildFile section */
		2AA26EE4287B8660003C5045 /* PetTableViewCell.swift in Sources */ = {isa = PBXBuildFile; fileRef = 2AA26EE2287B8660003C5045 /* PetTableViewCell.swift */; };
		2AA26EE5287B8660003C5045 /* PetTableViewCell.xib in Resources */ = {isa = PBXBuildFile; fileRef = 2AA26EE3287B8660003C5045 /* PetTableViewCell.xib */; };
		2AA26EE8287B8694003C5045 /* NetworkSerview.swift in Sources */ = {isa = PBXBuildFile; fileRef = 2AA26EE7287B8694003C5045 /* NetworkSerview.swift */; };
		2AA26EEB287B86DB003C5045 /* PetModel.swift in Sources */ = {isa = PBXBuildFile; fileRef = 2AA26EEA287B86DB003C5045 /* PetModel.swift */; };
		2AA26EEE287B879D003C5045 /* PetTableViewController.swift in Sources */ = {isa = PBXBuildFile; fileRef = 2AA26EED287B879D003C5045 /* PetTableViewController.swift */; };
		2ABB11E3287B0E2300580F5D /* AppDelegate.swift in Sources */ = {isa = PBXBuildFile; fileRef = 2ABB11E2287B0E2300580F5D /* AppDelegate.swift */; };
		2ABB11E5287B0E2300580F5D /* SceneDelegate.swift in Sources */ = {isa = PBXBuildFile; fileRef = 2ABB11E4287B0E2300580F5D /* SceneDelegate.swift */; };
		2ABB11E7287B0E2300580F5D /* BaseTableViewController.swift in Sources */ = {isa = PBXBuildFile; fileRef = 2ABB11E6287B0E2300580F5D /* BaseTableViewController.swift */; };
		2ABB11EC287B0E2300580F5D /* Assets.xcassets in Resources */ = {isa = PBXBuildFile; fileRef = 2ABB11EB287B0E2300580F5D /* Assets.xcassets */; };
		2ABB11EF287B0E2300580F5D /* LaunchScreen.storyboard in Resources */ = {isa = PBXBuildFile; fileRef = 2ABB11ED287B0E2300580F5D /* LaunchScreen.storyboard */; };
		36BE15A42884F74E0059F276 /* PublicExtension.swift in Sources */ = {isa = PBXBuildFile; fileRef = 36BE15A32884F74E0059F276 /* PublicExtension.swift */; };
		36DC8C64287D01D700CFDE06 /* SDWebImage in Frameworks */ = {isa = PBXBuildFile; productRef = 36DC8C63287D01D700CFDE06 /* SDWebImage */; };
		36DC8C67287D0A3D00CFDE06 /* TableViewAdapter.swift in Sources */ = {isa = PBXBuildFile; fileRef = 36DC8C66287D0A3D00CFDE06 /* TableViewAdapter.swift */; };
		36DC8C7628815D6D00CFDE06 /* BottomBarButton.swift in Sources */ = {isa = PBXBuildFile; fileRef = 36DC8C7528815D6D00CFDE06 /* BottomBarButton.swift */; };
		36DC8C7828815EA300CFDE06 /* BottomBar.swift in Sources */ = {isa = PBXBuildFile; fileRef = 36DC8C7728815EA300CFDE06 /* BottomBar.swift */; };
		7FBB354B45644C76B477BD53 /* Pods_Pet.framework in Frameworks */ = {isa = PBXBuildFile; fileRef = 61A8203874E806FD86442F4C /* Pods_Pet.framework */; };
		948364B4288246F8009E4126 /* SearchConditionsCell.swift in Sources */ = {isa = PBXBuildFile; fileRef = 948364B3288246F8009E4126 /* SearchConditionsCell.swift */; };
		948364B828824D46009E4126 /* SearhConditionsController.swift in Sources */ = {isa = PBXBuildFile; fileRef = 948364B728824D46009E4126 /* SearhConditionsController.swift */; };
		948364BD288254C3009E4126 /* SearchConditionsCell.xib in Resources */ = {isa = PBXBuildFile; fileRef = 948364BC288254C3009E4126 /* SearchConditionsCell.xib */; };
		948364C02882559B009E4126 /* SelectConditionsController.swift in Sources */ = {isa = PBXBuildFile; fileRef = 948364BF2882559B009E4126 /* SelectConditionsController.swift */; };
		948364C42882A67B009E4126 /* SelectConditionsCell.swift in Sources */ = {isa = PBXBuildFile; fileRef = 948364C32882A67B009E4126 /* SelectConditionsCell.swift */; };
/* End PBXBuildFile section */

/* Begin PBXFileReference section */
		2AA26EE2287B8660003C5045 /* PetTableViewCell.swift */ = {isa = PBXFileReference; lastKnownFileType = sourcecode.swift; path = PetTableViewCell.swift; sourceTree = "<group>"; };
		2AA26EE3287B8660003C5045 /* PetTableViewCell.xib */ = {isa = PBXFileReference; lastKnownFileType = file.xib; path = PetTableViewCell.xib; sourceTree = "<group>"; };
		2AA26EE7287B8694003C5045 /* NetworkSerview.swift */ = {isa = PBXFileReference; lastKnownFileType = sourcecode.swift; path = NetworkSerview.swift; sourceTree = "<group>"; };
		2AA26EEA287B86DB003C5045 /* PetModel.swift */ = {isa = PBXFileReference; lastKnownFileType = sourcecode.swift; path = PetModel.swift; sourceTree = "<group>"; };
		2AA26EED287B879D003C5045 /* PetTableViewController.swift */ = {isa = PBXFileReference; lastKnownFileType = sourcecode.swift; path = PetTableViewController.swift; sourceTree = "<group>"; };
		2ABB11DF287B0E2300580F5D /* Pet.app */ = {isa = PBXFileReference; explicitFileType = wrapper.application; includeInIndex = 0; path = Pet.app; sourceTree = BUILT_PRODUCTS_DIR; };
		2ABB11E2287B0E2300580F5D /* AppDelegate.swift */ = {isa = PBXFileReference; lastKnownFileType = sourcecode.swift; path = AppDelegate.swift; sourceTree = "<group>"; };
		2ABB11E4287B0E2300580F5D /* SceneDelegate.swift */ = {isa = PBXFileReference; lastKnownFileType = sourcecode.swift; path = SceneDelegate.swift; sourceTree = "<group>"; };
		2ABB11E6287B0E2300580F5D /* BaseTableViewController.swift */ = {isa = PBXFileReference; lastKnownFileType = sourcecode.swift; path = BaseTableViewController.swift; sourceTree = "<group>"; };
		2ABB11EB287B0E2300580F5D /* Assets.xcassets */ = {isa = PBXFileReference; lastKnownFileType = folder.assetcatalog; path = Assets.xcassets; sourceTree = "<group>"; };
		2ABB11EE287B0E2300580F5D /* Base */ = {isa = PBXFileReference; lastKnownFileType = file.storyboard; name = Base; path = Base.lproj/LaunchScreen.storyboard; sourceTree = "<group>"; };
		2ABB11F0287B0E2300580F5D /* Info.plist */ = {isa = PBXFileReference; lastKnownFileType = text.plist.xml; path = Info.plist; sourceTree = "<group>"; };
		36BE15A32884F74E0059F276 /* PublicExtension.swift */ = {isa = PBXFileReference; lastKnownFileType = sourcecode.swift; path = PublicExtension.swift; sourceTree = "<group>"; };
		36DC8C66287D0A3D00CFDE06 /* TableViewAdapter.swift */ = {isa = PBXFileReference; lastKnownFileType = sourcecode.swift; path = TableViewAdapter.swift; sourceTree = "<group>"; };
		36DC8C7528815D6D00CFDE06 /* BottomBarButton.swift */ = {isa = PBXFileReference; lastKnownFileType = sourcecode.swift; path = BottomBarButton.swift; sourceTree = "<group>"; };
		36DC8C7728815EA300CFDE06 /* BottomBar.swift */ = {isa = PBXFileReference; lastKnownFileType = sourcecode.swift; path = BottomBar.swift; sourceTree = "<group>"; };
		61A8203874E806FD86442F4C /* Pods_Pet.framework */ = {isa = PBXFileReference; explicitFileType = wrapper.framework; includeInIndex = 0; path = Pods_Pet.framework; sourceTree = BUILT_PRODUCTS_DIR; };
		948364B3288246F8009E4126 /* SearchConditionsCell.swift */ = {isa = PBXFileReference; lastKnownFileType = sourcecode.swift; path = SearchConditionsCell.swift; sourceTree = "<group>"; };
		948364B728824D46009E4126 /* SearhConditionsController.swift */ = {isa = PBXFileReference; lastKnownFileType = sourcecode.swift; path = SearhConditionsController.swift; sourceTree = "<group>"; };
		948364BC288254C3009E4126 /* SearchConditionsCell.xib */ = {isa = PBXFileReference; lastKnownFileType = file.xib; path = SearchConditionsCell.xib; sourceTree = "<group>"; };
		948364BF2882559B009E4126 /* SelectConditionsController.swift */ = {isa = PBXFileReference; lastKnownFileType = sourcecode.swift; path = SelectConditionsController.swift; sourceTree = "<group>"; };
		948364C32882A67B009E4126 /* SelectConditionsCell.swift */ = {isa = PBXFileReference; lastKnownFileType = sourcecode.swift; path = SelectConditionsCell.swift; sourceTree = "<group>"; };
		C26D39AF0FFF14194E8B304D /* Pods-Pet.debug.xcconfig */ = {isa = PBXFileReference; includeInIndex = 1; lastKnownFileType = text.xcconfig; name = "Pods-Pet.debug.xcconfig"; path = "Target Support Files/Pods-Pet/Pods-Pet.debug.xcconfig"; sourceTree = "<group>"; };
		FF87A5E4DA917E72B00E0C8E /* Pods-Pet.release.xcconfig */ = {isa = PBXFileReference; includeInIndex = 1; lastKnownFileType = text.xcconfig; name = "Pods-Pet.release.xcconfig"; path = "Target Support Files/Pods-Pet/Pods-Pet.release.xcconfig"; sourceTree = "<group>"; };
/* End PBXFileReference section */

/* Begin PBXFrameworksBuildPhase section */
		2ABB11DC287B0E2300580F5D /* Frameworks */ = {
			isa = PBXFrameworksBuildPhase;
			buildActionMask = 2147483647;
			files = (
				36DC8C64287D01D700CFDE06 /* SDWebImage in Frameworks */,
				7FBB354B45644C76B477BD53 /* Pods_Pet.framework in Frameworks */,
			);
			runOnlyForDeploymentPostprocessing = 0;
		};
/* End PBXFrameworksBuildPhase section */

/* Begin PBXGroup section */
		2AA26EE9287B86B6003C5045 /* Net */ = {
			isa = PBXGroup;
			children = (
				2AA26EE7287B8694003C5045 /* NetworkSerview.swift */,
			);
			path = Net;
			sourceTree = "<group>";
		};
		2AA26EEC287B86E1003C5045 /* Model */ = {
			isa = PBXGroup;
			children = (
				2AA26EEA287B86DB003C5045 /* PetModel.swift */,
			);
			path = Model;
			sourceTree = "<group>";
		};
		2ABB11D6287B0E2300580F5D = {
			isa = PBXGroup;
			children = (
				2ABB11E1287B0E2300580F5D /* Pet */,
				2ABB11E0287B0E2300580F5D /* Products */,
				B39D3153D2B3501D52A15BEC /* Pods */,
				5833DBD0BC19096D7F18F420 /* Frameworks */,
			);
			sourceTree = "<group>";
		};
		2ABB11E0287B0E2300580F5D /* Products */ = {
			isa = PBXGroup;
			children = (
				2ABB11DF287B0E2300580F5D /* Pet.app */,
			);
			name = Products;
			sourceTree = "<group>";
		};
		2ABB11E1287B0E2300580F5D /* Pet */ = {
			isa = PBXGroup;
			children = (
				2ABB11E2287B0E2300580F5D /* AppDelegate.swift */,
				2ABB11E4287B0E2300580F5D /* SceneDelegate.swift */,
				36BE15A32884F74E0059F276 /* PublicExtension.swift */,
				948364B628824C73009E4126 /* BaseTableView */,
				36DC8C65287D0A2900CFDE06 /* Adapter */,
				2AA26EE9287B86B6003C5045 /* Net */,
				948364BB28825463009E4126 /* CustomView */,
				948364B92882540D009E4126 /* Pages */,
				2AA26EEC287B86E1003C5045 /* Model */,
				2ABB11EB287B0E2300580F5D /* Assets.xcassets */,
				2ABB11ED287B0E2300580F5D /* LaunchScreen.storyboard */,
				2ABB11F0287B0E2300580F5D /* Info.plist */,
			);
			path = Pet;
			sourceTree = "<group>";
		};
		36DC8C65287D0A2900CFDE06 /* Adapter */ = {
			isa = PBXGroup;
			children = (
				36DC8C66287D0A3D00CFDE06 /* TableViewAdapter.swift */,
			);
			path = Adapter;
			sourceTree = "<group>";
		};
		36DC8C7428815D5700CFDE06 /* CustomButton */ = {
			isa = PBXGroup;
			children = (
				36DC8C7528815D6D00CFDE06 /* BottomBarButton.swift */,
				36DC8C7728815EA300CFDE06 /* BottomBar.swift */,
			);
			path = CustomButton;
			sourceTree = "<group>";
		};
		5833DBD0BC19096D7F18F420 /* Frameworks */ = {
			isa = PBXGroup;
			children = (
				61A8203874E806FD86442F4C /* Pods_Pet.framework */,
			);
			name = Frameworks;
			sourceTree = "<group>";
		};
		948364B628824C73009E4126 /* BaseTableView */ = {
			isa = PBXGroup;
			children = (
				2ABB11E6287B0E2300580F5D /* BaseTableViewController.swift */,
			);
			path = BaseTableView;
			sourceTree = "<group>";
		};
		948364B92882540D009E4126 /* Pages */ = {
			isa = PBXGroup;
			children = (
				948364BE28825552009E4126 /* SearchConditionsPages */,
				948364C1288255C5009E4126 /* ResultPages */,
				948364C2288255E1009E4126 /* PetDetailPage */,
			);
			path = Pages;
			sourceTree = "<group>";
		};
		948364BA28825453009E4126 /* TableViewCells */ = {
			isa = PBXGroup;
			children = (
				2AA26EE2287B8660003C5045 /* PetTableViewCell.swift */,
				2AA26EE3287B8660003C5045 /* PetTableViewCell.xib */,
				948364B3288246F8009E4126 /* SearchConditionsCell.swift */,
				948364BC288254C3009E4126 /* SearchConditionsCell.xib */,
				948364C32882A67B009E4126 /* SelectConditionsCell.swift */,
			);
			path = TableViewCells;
			sourceTree = "<group>";
		};
		948364BB28825463009E4126 /* CustomView */ = {
			isa = PBXGroup;
			children = (
				36DC8C7428815D5700CFDE06 /* CustomButton */,
				948364BA28825453009E4126 /* TableViewCells */,
			);
			path = CustomView;
			sourceTree = "<group>";
		};
		948364BE28825552009E4126 /* SearchConditionsPages */ = {
			isa = PBXGroup;
			children = (
				948364B728824D46009E4126 /* SearhConditionsController.swift */,
				948364BF2882559B009E4126 /* SelectConditionsController.swift */,
			);
			path = SearchConditionsPages;
			sourceTree = "<group>";
		};
		948364C1288255C5009E4126 /* ResultPages */ = {
			isa = PBXGroup;
			children = (
				2AA26EED287B879D003C5045 /* PetTableViewController.swift */,
			);
			path = ResultPages;
			sourceTree = "<group>";
		};
		948364C2288255E1009E4126 /* PetDetailPage */ = {
			isa = PBXGroup;
			children = (
			);
			path = PetDetailPage;
			sourceTree = "<group>";
		};
		B39D3153D2B3501D52A15BEC /* Pods */ = {
			isa = PBXGroup;
			children = (
				C26D39AF0FFF14194E8B304D /* Pods-Pet.debug.xcconfig */,
				FF87A5E4DA917E72B00E0C8E /* Pods-Pet.release.xcconfig */,
			);
			path = Pods;
			sourceTree = "<group>";
		};
/* End PBXGroup section */

/* Begin PBXNativeTarget section */
		2ABB11DE287B0E2300580F5D /* Pet */ = {
			isa = PBXNativeTarget;
			buildConfigurationList = 2ABB11F3287B0E2300580F5D /* Build configuration list for PBXNativeTarget "Pet" */;
			buildPhases = (
				1FE08A3E5912E60E810C5F6F /* [CP] Check Pods Manifest.lock */,
				2ABB11DB287B0E2300580F5D /* Sources */,
				2ABB11DC287B0E2300580F5D /* Frameworks */,
				2ABB11DD287B0E2300580F5D /* Resources */,
				A3E6A5829400C2A0CA2D6FEA /* [CP] Embed Pods Frameworks */,
			);
			buildRules = (
			);
			dependencies = (
			);
			name = Pet;
			packageProductDependencies = (
				36DC8C63287D01D700CFDE06 /* SDWebImage */,
			);
			productName = Pet;
			productReference = 2ABB11DF287B0E2300580F5D /* Pet.app */;
			productType = "com.apple.product-type.application";
		};
/* End PBXNativeTarget section */

/* Begin PBXProject section */
		2ABB11D7287B0E2300580F5D /* Project object */ = {
			isa = PBXProject;
			attributes = {
				BuildIndependentTargetsInParallel = 1;
				LastSwiftUpdateCheck = 1320;
				LastUpgradeCheck = 1320;
				TargetAttributes = {
					2ABB11DE287B0E2300580F5D = {
						CreatedOnToolsVersion = 13.2.1;
					};
				};
			};
			buildConfigurationList = 2ABB11DA287B0E2300580F5D /* Build configuration list for PBXProject "Pet" */;
			compatibilityVersion = "Xcode 13.0";
			developmentRegion = en;
			hasScannedForEncodings = 0;
			knownRegions = (
				en,
				Base,
			);
			mainGroup = 2ABB11D6287B0E2300580F5D;
			packageReferences = (
				2AA26EEF287B87E1003C5045 /* XCRemoteSwiftPackageReference "SDWebImage" */,
			);
			productRefGroup = 2ABB11E0287B0E2300580F5D /* Products */;
			projectDirPath = "";
			projectRoot = "";
			targets = (
				2ABB11DE287B0E2300580F5D /* Pet */,
			);
		};
/* End PBXProject section */

/* Begin PBXResourcesBuildPhase section */
		2ABB11DD287B0E2300580F5D /* Resources */ = {
			isa = PBXResourcesBuildPhase;
			buildActionMask = 2147483647;
			files = (
				948364BD288254C3009E4126 /* SearchConditionsCell.xib in Resources */,
				2ABB11EF287B0E2300580F5D /* LaunchScreen.storyboard in Resources */,
				2AA26EE5287B8660003C5045 /* PetTableViewCell.xib in Resources */,
				2ABB11EC287B0E2300580F5D /* Assets.xcassets in Resources */,
			);
			runOnlyForDeploymentPostprocessing = 0;
		};
/* End PBXResourcesBuildPhase section */

/* Begin PBXShellScriptBuildPhase section */
		1FE08A3E5912E60E810C5F6F /* [CP] Check Pods Manifest.lock */ = {
			isa = PBXShellScriptBuildPhase;
			buildActionMask = 2147483647;
			files = (
			);
			inputFileListPaths = (
			);
			inputPaths = (
				"${PODS_PODFILE_DIR_PATH}/Podfile.lock",
				"${PODS_ROOT}/Manifest.lock",
			);
			name = "[CP] Check Pods Manifest.lock";
			outputFileListPaths = (
			);
			outputPaths = (
				"$(DERIVED_FILE_DIR)/Pods-Pet-checkManifestLockResult.txt",
			);
			runOnlyForDeploymentPostprocessing = 0;
			shellPath = /bin/sh;
			shellScript = "diff \"${PODS_PODFILE_DIR_PATH}/Podfile.lock\" \"${PODS_ROOT}/Manifest.lock\" > /dev/null\nif [ $? != 0 ] ; then\n    # print error to STDERR\n    echo \"error: The sandbox is not in sync with the Podfile.lock. Run 'pod install' or update your CocoaPods installation.\" >&2\n    exit 1\nfi\n# This output is used by Xcode 'outputs' to avoid re-running this script phase.\necho \"SUCCESS\" > \"${SCRIPT_OUTPUT_FILE_0}\"\n";
			showEnvVarsInLog = 0;
		};
		A3E6A5829400C2A0CA2D6FEA /* [CP] Embed Pods Frameworks */ = {
			isa = PBXShellScriptBuildPhase;
			buildActionMask = 2147483647;
			files = (
			);
			inputFileListPaths = (
				"${PODS_ROOT}/Target Support Files/Pods-Pet/Pods-Pet-frameworks-${CONFIGURATION}-input-files.xcfilelist",
			);
			name = "[CP] Embed Pods Frameworks";
			outputFileListPaths = (
				"${PODS_ROOT}/Target Support Files/Pods-Pet/Pods-Pet-frameworks-${CONFIGURATION}-output-files.xcfilelist",
			);
			runOnlyForDeploymentPostprocessing = 0;
			shellPath = /bin/sh;
			shellScript = "\"${PODS_ROOT}/Target Support Files/Pods-Pet/Pods-Pet-frameworks.sh\"\n";
			showEnvVarsInLog = 0;
		};
/* End PBXShellScriptBuildPhase section */

/* Begin PBXSourcesBuildPhase section */
		2ABB11DB287B0E2300580F5D /* Sources */ = {
			isa = PBXSourcesBuildPhase;
			buildActionMask = 2147483647;
			files = (
				36DC8C7628815D6D00CFDE06 /* BottomBarButton.swift in Sources */,
				948364C42882A67B009E4126 /* SelectConditionsCell.swift in Sources */,
				2ABB11E7287B0E2300580F5D /* BaseTableViewController.swift in Sources */,
				2AA26EE4287B8660003C5045 /* PetTableViewCell.swift in Sources */,
				2AA26EE8287B8694003C5045 /* NetworkSerview.swift in Sources */,
				2ABB11E3287B0E2300580F5D /* AppDelegate.swift in Sources */,
				948364B828824D46009E4126 /* SearhConditionsController.swift in Sources */,
				36DC8C67287D0A3D00CFDE06 /* TableViewAdapter.swift in Sources */,
				2ABB11E5287B0E2300580F5D /* SceneDelegate.swift in Sources */,
				36DC8C7828815EA300CFDE06 /* BottomBar.swift in Sources */,
				948364C02882559B009E4126 /* SelectConditionsController.swift in Sources */,
				948364B4288246F8009E4126 /* SearchConditionsCell.swift in Sources */,
				2AA26EEB287B86DB003C5045 /* PetModel.swift in Sources */,
				36BE15A42884F74E0059F276 /* PublicExtension.swift in Sources */,
				2AA26EEE287B879D003C5045 /* PetTableViewController.swift in Sources */,
			);
			runOnlyForDeploymentPostprocessing = 0;
		};
/* End PBXSourcesBuildPhase section */

/* Begin PBXVariantGroup section */
		2ABB11ED287B0E2300580F5D /* LaunchScreen.storyboard */ = {
			isa = PBXVariantGroup;
			children = (
				2ABB11EE287B0E2300580F5D /* Base */,
			);
			name = LaunchScreen.storyboard;
			sourceTree = "<group>";
		};
/* End PBXVariantGroup section */

/* Begin XCBuildConfiguration section */
		2ABB11F1287B0E2300580F5D /* Debug */ = {
			isa = XCBuildConfiguration;
			buildSettings = {
				ALWAYS_SEARCH_USER_PATHS = NO;
				CLANG_ANALYZER_NONNULL = YES;
				CLANG_ANALYZER_NUMBER_OBJECT_CONVERSION = YES_AGGRESSIVE;
				CLANG_CXX_LANGUAGE_STANDARD = "gnu++17";
				CLANG_CXX_LIBRARY = "libc++";
				CLANG_ENABLE_MODULES = YES;
				CLANG_ENABLE_OBJC_ARC = YES;
				CLANG_ENABLE_OBJC_WEAK = YES;
				CLANG_WARN_BLOCK_CAPTURE_AUTORELEASING = YES;
				CLANG_WARN_BOOL_CONVERSION = YES;
				CLANG_WARN_COMMA = YES;
				CLANG_WARN_CONSTANT_CONVERSION = YES;
				CLANG_WARN_DEPRECATED_OBJC_IMPLEMENTATIONS = YES;
				CLANG_WARN_DIRECT_OBJC_ISA_USAGE = YES_ERROR;
				CLANG_WARN_DOCUMENTATION_COMMENTS = YES;
				CLANG_WARN_EMPTY_BODY = YES;
				CLANG_WARN_ENUM_CONVERSION = YES;
				CLANG_WARN_INFINITE_RECURSION = YES;
				CLANG_WARN_INT_CONVERSION = YES;
				CLANG_WARN_NON_LITERAL_NULL_CONVERSION = YES;
				CLANG_WARN_OBJC_IMPLICIT_RETAIN_SELF = YES;
				CLANG_WARN_OBJC_LITERAL_CONVERSION = YES;
				CLANG_WARN_OBJC_ROOT_CLASS = YES_ERROR;
				CLANG_WARN_QUOTED_INCLUDE_IN_FRAMEWORK_HEADER = YES;
				CLANG_WARN_RANGE_LOOP_ANALYSIS = YES;
				CLANG_WARN_STRICT_PROTOTYPES = YES;
				CLANG_WARN_SUSPICIOUS_MOVE = YES;
				CLANG_WARN_UNGUARDED_AVAILABILITY = YES_AGGRESSIVE;
				CLANG_WARN_UNREACHABLE_CODE = YES;
				CLANG_WARN__DUPLICATE_METHOD_MATCH = YES;
				COPY_PHASE_STRIP = NO;
				DEBUG_INFORMATION_FORMAT = dwarf;
				ENABLE_STRICT_OBJC_MSGSEND = YES;
				ENABLE_TESTABILITY = YES;
				GCC_C_LANGUAGE_STANDARD = gnu11;
				GCC_DYNAMIC_NO_PIC = NO;
				GCC_NO_COMMON_BLOCKS = YES;
				GCC_OPTIMIZATION_LEVEL = 0;
				GCC_PREPROCESSOR_DEFINITIONS = (
					"DEBUG=1",
					"$(inherited)",
				);
				GCC_WARN_64_TO_32_BIT_CONVERSION = YES;
				GCC_WARN_ABOUT_RETURN_TYPE = YES_ERROR;
				GCC_WARN_UNDECLARED_SELECTOR = YES;
				GCC_WARN_UNINITIALIZED_AUTOS = YES_AGGRESSIVE;
				GCC_WARN_UNUSED_FUNCTION = YES;
				GCC_WARN_UNUSED_VARIABLE = YES;
				IPHONEOS_DEPLOYMENT_TARGET = 15.2;
				MTL_ENABLE_DEBUG_INFO = INCLUDE_SOURCE;
				MTL_FAST_MATH = YES;
				ONLY_ACTIVE_ARCH = YES;
				SDKROOT = iphoneos;
				SWIFT_ACTIVE_COMPILATION_CONDITIONS = DEBUG;
				SWIFT_OPTIMIZATION_LEVEL = "-Onone";
			};
			name = Debug;
		};
		2ABB11F2287B0E2300580F5D /* Release */ = {
			isa = XCBuildConfiguration;
			buildSettings = {
				ALWAYS_SEARCH_USER_PATHS = NO;
				CLANG_ANALYZER_NONNULL = YES;
				CLANG_ANALYZER_NUMBER_OBJECT_CONVERSION = YES_AGGRESSIVE;
				CLANG_CXX_LANGUAGE_STANDARD = "gnu++17";
				CLANG_CXX_LIBRARY = "libc++";
				CLANG_ENABLE_MODULES = YES;
				CLANG_ENABLE_OBJC_ARC = YES;
				CLANG_ENABLE_OBJC_WEAK = YES;
				CLANG_WARN_BLOCK_CAPTURE_AUTORELEASING = YES;
				CLANG_WARN_BOOL_CONVERSION = YES;
				CLANG_WARN_COMMA = YES;
				CLANG_WARN_CONSTANT_CONVERSION = YES;
				CLANG_WARN_DEPRECATED_OBJC_IMPLEMENTATIONS = YES;
				CLANG_WARN_DIRECT_OBJC_ISA_USAGE = YES_ERROR;
				CLANG_WARN_DOCUMENTATION_COMMENTS = YES;
				CLANG_WARN_EMPTY_BODY = YES;
				CLANG_WARN_ENUM_CONVERSION = YES;
				CLANG_WARN_INFINITE_RECURSION = YES;
				CLANG_WARN_INT_CONVERSION = YES;
				CLANG_WARN_NON_LITERAL_NULL_CONVERSION = YES;
				CLANG_WARN_OBJC_IMPLICIT_RETAIN_SELF = YES;
				CLANG_WARN_OBJC_LITERAL_CONVERSION = YES;
				CLANG_WARN_OBJC_ROOT_CLASS = YES_ERROR;
				CLANG_WARN_QUOTED_INCLUDE_IN_FRAMEWORK_HEADER = YES;
				CLANG_WARN_RANGE_LOOP_ANALYSIS = YES;
				CLANG_WARN_STRICT_PROTOTYPES = YES;
				CLANG_WARN_SUSPICIOUS_MOVE = YES;
				CLANG_WARN_UNGUARDED_AVAILABILITY = YES_AGGRESSIVE;
				CLANG_WARN_UNREACHABLE_CODE = YES;
				CLANG_WARN__DUPLICATE_METHOD_MATCH = YES;
				COPY_PHASE_STRIP = NO;
				DEBUG_INFORMATION_FORMAT = "dwarf-with-dsym";
				ENABLE_NS_ASSERTIONS = NO;
				ENABLE_STRICT_OBJC_MSGSEND = YES;
				GCC_C_LANGUAGE_STANDARD = gnu11;
				GCC_NO_COMMON_BLOCKS = YES;
				GCC_WARN_64_TO_32_BIT_CONVERSION = YES;
				GCC_WARN_ABOUT_RETURN_TYPE = YES_ERROR;
				GCC_WARN_UNDECLARED_SELECTOR = YES;
				GCC_WARN_UNINITIALIZED_AUTOS = YES_AGGRESSIVE;
				GCC_WARN_UNUSED_FUNCTION = YES;
				GCC_WARN_UNUSED_VARIABLE = YES;
				IPHONEOS_DEPLOYMENT_TARGET = 15.2;
				MTL_ENABLE_DEBUG_INFO = NO;
				MTL_FAST_MATH = YES;
				SDKROOT = iphoneos;
				SWIFT_COMPILATION_MODE = wholemodule;
				SWIFT_OPTIMIZATION_LEVEL = "-O";
				VALIDATE_PRODUCT = YES;
			};
			name = Release;
		};
		2ABB11F4287B0E2300580F5D /* Debug */ = {
			isa = XCBuildConfiguration;
			baseConfigurationReference = C26D39AF0FFF14194E8B304D /* Pods-Pet.debug.xcconfig */;
			buildSettings = {
				ASSETCATALOG_COMPILER_APPICON_NAME = AppIcon;
				ASSETCATALOG_COMPILER_GLOBAL_ACCENT_COLOR_NAME = AccentColor;
				CODE_SIGN_STYLE = Automatic;
				CURRENT_PROJECT_VERSION = 1;
				DEVELOPMENT_TEAM = NZT54R9366;
				GENERATE_INFOPLIST_FILE = YES;
				INFOPLIST_FILE = Pet/Info.plist;
				INFOPLIST_KEY_UIApplicationSupportsIndirectInputEvents = YES;
				INFOPLIST_KEY_UILaunchStoryboardName = LaunchScreen;
				INFOPLIST_KEY_UISupportedInterfaceOrientations_iPad = "UIInterfaceOrientationPortrait UIInterfaceOrientationPortraitUpsideDown UIInterfaceOrientationLandscapeLeft UIInterfaceOrientationLandscapeRight";
				INFOPLIST_KEY_UISupportedInterfaceOrientations_iPhone = "UIInterfaceOrientationPortrait UIInterfaceOrientationLandscapeLeft UIInterfaceOrientationLandscapeRight";
				LD_RUNPATH_SEARCH_PATHS = (
					"$(inherited)",
					"@executable_path/Frameworks",
				);
				MARKETING_VERSION = 1.0;
				PRODUCT_BUNDLE_IDENTIFIER = com.hongzhi.Pet;
				PRODUCT_NAME = "$(TARGET_NAME)";
				SWIFT_EMIT_LOC_STRINGS = YES;
				SWIFT_VERSION = 5.0;
				TARGETED_DEVICE_FAMILY = "1,2";
			};
			name = Debug;
		};
		2ABB11F5287B0E2300580F5D /* Release */ = {
			isa = XCBuildConfiguration;
			baseConfigurationReference = FF87A5E4DA917E72B00E0C8E /* Pods-Pet.release.xcconfig */;
			buildSettings = {
				ASSETCATALOG_COMPILER_APPICON_NAME = AppIcon;
				ASSETCATALOG_COMPILER_GLOBAL_ACCENT_COLOR_NAME = AccentColor;
				CODE_SIGN_STYLE = Automatic;
				CURRENT_PROJECT_VERSION = 1;
				DEVELOPMENT_TEAM = NZT54R9366;
				GENERATE_INFOPLIST_FILE = YES;
				INFOPLIST_FILE = Pet/Info.plist;
				INFOPLIST_KEY_UIApplicationSupportsIndirectInputEvents = YES;
				INFOPLIST_KEY_UILaunchStoryboardName = LaunchScreen;
				INFOPLIST_KEY_UISupportedInterfaceOrientations_iPad = "UIInterfaceOrientationPortrait UIInterfaceOrientationPortraitUpsideDown UIInterfaceOrientationLandscapeLeft UIInterfaceOrientationLandscapeRight";
				INFOPLIST_KEY_UISupportedInterfaceOrientations_iPhone = "UIInterfaceOrientationPortrait UIInterfaceOrientationLandscapeLeft UIInterfaceOrientationLandscapeRight";
				LD_RUNPATH_SEARCH_PATHS = (
					"$(inherited)",
					"@executable_path/Frameworks",
				);
				MARKETING_VERSION = 1.0;
				PRODUCT_BUNDLE_IDENTIFIER = com.hongzhi.Pet;
				PRODUCT_NAME = "$(TARGET_NAME)";
				SWIFT_EMIT_LOC_STRINGS = YES;
				SWIFT_VERSION = 5.0;
				TARGETED_DEVICE_FAMILY = "1,2";
			};
			name = Release;
		};
/* End XCBuildConfiguration section */

/* Begin XCConfigurationList section */
		2ABB11DA287B0E2300580F5D /* Build configuration list for PBXProject "Pet" */ = {
			isa = XCConfigurationList;
			buildConfigurations = (
				2ABB11F1287B0E2300580F5D /* Debug */,
				2ABB11F2287B0E2300580F5D /* Release */,
			);
			defaultConfigurationIsVisible = 0;
			defaultConfigurationName = Release;
		};
		2ABB11F3287B0E2300580F5D /* Build configuration list for PBXNativeTarget "Pet" */ = {
			isa = XCConfigurationList;
			buildConfigurations = (
				2ABB11F4287B0E2300580F5D /* Debug */,
				2ABB11F5287B0E2300580F5D /* Release */,
			);
			defaultConfigurationIsVisible = 0;
			defaultConfigurationName = Release;
		};
/* End XCConfigurationList section */

/* Begin XCRemoteSwiftPackageReference section */
		2AA26EEF287B87E1003C5045 /* XCRemoteSwiftPackageReference "SDWebImage" */ = {
			isa = XCRemoteSwiftPackageReference;
			repositoryURL = "https://github.com/SDWebImage/SDWebImage.git";
			requirement = {
				branch = master;
				kind = branch;
			};
		};
/* End XCRemoteSwiftPackageReference section */

/* Begin XCSwiftPackageProductDependency section */
		36DC8C63287D01D700CFDE06 /* SDWebImage */ = {
			isa = XCSwiftPackageProductDependency;
			package = 2AA26EEF287B87E1003C5045 /* XCRemoteSwiftPackageReference "SDWebImage" */;
			productName = SDWebImage;
		};
/* End XCSwiftPackageProductDependency section */
	};
	rootObject = 2ABB11D7287B0E2300580F5D /* Project object */;
}
